
Microsoft Visual Studio Solution File, Format Version 12.00
# Visual Studio Version 16
VisualStudioVersion = 16.0.30804.86
MinimumVisualStudioVersion = 10.0.40219.1
Project("{9A19103F-16F7-4668-BE54-9A1E7A4F7556}") = "WorldCities", "WorldCities.csproj", "{11CDCC9E-3215-413C-800D-D5A2D9BC817E}"
EndProject
Global
	GlobalSection(SolutionConfigurationPlatforms) = preSolution
		Debug|Any CPU = Debug|Any CPU
		Release|Any CPU = Release|Any CPU
	EndGlobalSection
	GlobalSection(ProjectConfigurationPlatforms) = postSolution
		{11CDCC9E-3215-413C-800D-D5A2D9BC817E}.Debug|Any CPU.ActiveCfg = Debug|Any CPU
		{11CDCC9E-3215-413C-800D-D5A2D9BC817E}.Debug|Any CPU.Build.0 = Debug|Any CPU
		{11CDCC9E-3215-413C-800D-D5A2D9BC817E}.Release|Any CPU.ActiveCfg = Release|Any CPU
		{11CDCC9E-3215-413C-800D-D5A2D9BC817E}.Release|Any CPU.Build.0 = Release|Any CPU
	EndGlobalSection
	GlobalSection(SolutionProperties) = preSolution
		HideSolutionNode = FALSE
	EndGlobalSection
	GlobalSection(ExtensibilityGlobals) = postSolution
		SolutionGuid = {DB08C823-43CA-4234-A37F-0756AE094CA0}
	EndGlobalSection
EndGlobal
